
Microsoft Visual Studio Solution File, Format Version 12.00
# Visual Studio 15
VisualStudioVersion = 15.0.26403.7
MinimumVisualStudioVersion = 10.0.40219.1
Project("{8BC9CEB8-8B4A-11D0-8D11-00A0C91BC942}") = "TwixtClient", "Twixt\Twixt.vcxproj", "{E09C2929-99F6-43F0-B98C-282ECD27C265}"
EndProject
Project("{8BC9CEB8-8B4A-11D0-8D11-00A0C91BC942}") = "TwixtServer", "TwixtServer\TwixtServer.vcxproj", "{907B618E-4287-4B7D-89BA-B7E02685A8F4}"
EndProject
Global
	GlobalSection(SolutionConfigurationPlatforms) = preSolution
		Debug|x64 = Debug|x64
		Debug|x86 = Debug|x86
		Release|x64 = Release|x64
		Release|x86 = Release|x86
	EndGlobalSection
	GlobalSection(ProjectConfigurationPlatforms) = postSolution
		{E09C2929-99F6-43F0-B98C-282ECD27C265}.Debug|x64.ActiveCfg = Debug|x64
		{E09C2929-99F6-43F0-B98C-282ECD27C265}.Debug|x64.Build.0 = Debug|x64
		{E09C2929-99F6-43F0-B98C-282ECD27C265}.Debug|x86.ActiveCfg = Debug|Win32
		{E09C2929-99F6-43F0-B98C-282ECD27C265}.Debug|x86.Build.0 = Debug|Win32
		{E09C2929-99F6-43F0-B98C-282ECD27C265}.Release|x64.ActiveCfg = Release|x64
		{E09C2929-99F6-43F0-B98C-282ECD27C265}.Release|x64.Build.0 = Release|x64
		{E09C2929-99F6-43F0-B98C-282ECD27C265}.Release|x86.ActiveCfg = Release|Win32
		{E09C2929-99F6-43F0-B98C-282ECD27C265}.Release|x86.Build.0 = Release|Win32
		{907B618E-4287-4B7D-89BA-B7E02685A8F4}.Debug|x64.ActiveCfg = Debug|x64
		{907B618E-4287-4B7D-89BA-B7E02685A8F4}.Debug|x64.Build.0 = Debug|x64
		{907B618E-4287-4B7D-89BA-B7E02685A8F4}.Debug|x86.ActiveCfg = Debug|Win32
		{907B618E-4287-4B7D-89BA-B7E02685A8F4}.Debug|x86.Build.0 = Debug|Win32
		{907B618E-4287-4B7D-89BA-B7E02685A8F4}.Release|x64.ActiveCfg = Release|x64
		{907B618E-4287-4B7D-89BA-B7E02685A8F4}.Release|x64.Build.0 = Release|x64
		{907B618E-4287-4B7D-89BA-B7E02685A8F4}.Release|x86.ActiveCfg = Release|Win32
		{907B618E-4287-4B7D-89BA-B7E02685A8F4}.Release|x86.Build.0 = Release|Win32
	EndGlobalSection
	GlobalSection(SolutionProperties) = preSolution
		HideSolutionNode = FALSE
	EndGlobalSection
EndGlobal
